
Microsoft Visual Studio Solution File, Format Version 12.00
# Visual Studio Version 17
VisualStudioVersion = 17.0.31903.59
MinimumVisualStudioVersion = 10.0.40219.1
Project("{FAE04EC0-301F-11D3-BF4B-00C04F79EFBC}") = "DataBank.Cli", "DataBank.Cli\DataBank.Cli.csproj", "{F90BF4EE-F49F-4D64-8F96-1F7480127AC5}"
EndProject
Project("{FAE04EC0-301F-11D3-BF4B-00C04F79EFBC}") = "DataBank.Cli.Tests", "DataBank.Cli.Tests\DataBank.Cli.Tests.csproj", "{2E91D739-E821-4494-952A-82A0C9023EC6}"
EndProject
Project("{FAE04EC0-301F-11D3-BF4B-00C04F79EFBC}") = "DataBank.Desktop", "DataBank.Desktop\DataBank.Desktop.csproj", "{822D7ED6-5F2F-4B5E-8D33-60392B2CFA86}"
EndProject
Project("{FAE04EC0-301F-11D3-BF4B-00C04F79EFBC}") = "DataBank.Api", "DataBank.Api\DataBank.Api.csproj", "{9E2A6F5E-5D82-4C85-B50E-674C65A8F3F5}"
EndProject
Global
	GlobalSection(SolutionConfigurationPlatforms) = preSolution
		Debug|Any CPU = Debug|Any CPU
		Debug|x64 = Debug|x64
		Debug|x86 = Debug|x86
		Release|Any CPU = Release|Any CPU
		Release|x64 = Release|x64
		Release|x86 = Release|x86
	EndGlobalSection
	GlobalSection(ProjectConfigurationPlatforms) = postSolution
		{F90BF4EE-F49F-4D64-8F96-1F7480127AC5}.Debug|Any CPU.ActiveCfg = Debug|Any CPU
		{F90BF4EE-F49F-4D64-8F96-1F7480127AC5}.Debug|Any CPU.Build.0 = Debug|Any CPU
		{F90BF4EE-F49F-4D64-8F96-1F7480127AC5}.Debug|x64.ActiveCfg = Debug|Any CPU
		{F90BF4EE-F49F-4D64-8F96-1F7480127AC5}.Debug|x64.Build.0 = Debug|Any CPU
		{F90BF4EE-F49F-4D64-8F96-1F7480127AC5}.Debug|x86.ActiveCfg = Debug|Any CPU
		{F90BF4EE-F49F-4D64-8F96-1F7480127AC5}.Debug|x86.Build.0 = Debug|Any CPU
		{F90BF4EE-F49F-4D64-8F96-1F7480127AC5}.Release|Any CPU.ActiveCfg = Release|Any CPU
		{F90BF4EE-F49F-4D64-8F96-1F7480127AC5}.Release|Any CPU.Build.0 = Release|Any CPU
		{F90BF4EE-F49F-4D64-8F96-1F7480127AC5}.Release|x64.ActiveCfg = Release|Any CPU
		{F90BF4EE-F49F-4D64-8F96-1F7480127AC5}.Release|x64.Build.0 = Release|Any CPU
		{F90BF4EE-F49F-4D64-8F96-1F7480127AC5}.Release|x86.ActiveCfg = Release|Any CPU
		{F90BF4EE-F49F-4D64-8F96-1F7480127AC5}.Release|x86.Build.0 = Release|Any CPU
		{2E91D739-E821-4494-952A-82A0C9023EC6}.Debug|Any CPU.ActiveCfg = Debug|Any CPU
		{2E91D739-E821-4494-952A-82A0C9023EC6}.Debug|Any CPU.Build.0 = Debug|Any CPU
		{2E91D739-E821-4494-952A-82A0C9023EC6}.Debug|x64.ActiveCfg = Debug|Any CPU
		{2E91D739-E821-4494-952A-82A0C9023EC6}.Debug|x64.Build.0 = Debug|Any CPU
		{2E91D739-E821-4494-952A-82A0C9023EC6}.Debug|x86.ActiveCfg = Debug|Any CPU
		{2E91D739-E821-4494-952A-82A0C9023EC6}.Debug|x86.Build.0 = Debug|Any CPU
		{2E91D739-E821-4494-952A-82A0C9023EC6}.Release|Any CPU.ActiveCfg = Release|Any CPU
		{2E91D739-E821-4494-952A-82A0C9023EC6}.Release|Any CPU.Build.0 = Release|Any CPU
		{2E91D739-E821-4494-952A-82A0C9023EC6}.Release|x64.ActiveCfg = Release|Any CPU
		{2E91D739-E821-4494-952A-82A0C9023EC6}.Release|x64.Build.0 = Release|Any CPU
		{2E91D739-E821-4494-952A-82A0C9023EC6}.Release|x86.ActiveCfg = Release|Any CPU
		{2E91D739-E821-4494-952A-82A0C9023EC6}.Release|x86.Build.0 = Release|Any CPU
		{822D7ED6-5F2F-4B5E-8D33-60392B2CFA86}.Debug|Any CPU.ActiveCfg = Debug|Any CPU
		{822D7ED6-5F2F-4B5E-8D33-60392B2CFA86}.Debug|Any CPU.Build.0 = Debug|Any CPU
		{822D7ED6-5F2F-4B5E-8D33-60392B2CFA86}.Debug|x64.ActiveCfg = Debug|Any CPU
		{822D7ED6-5F2F-4B5E-8D33-60392B2CFA86}.Debug|x64.Build.0 = Debug|Any CPU
		{822D7ED6-5F2F-4B5E-8D33-60392B2CFA86}.Debug|x86.ActiveCfg = Debug|Any CPU
		{822D7ED6-5F2F-4B5E-8D33-60392B2CFA86}.Debug|x86.Build.0 = Debug|Any CPU
		{822D7ED6-5F2F-4B5E-8D33-60392B2CFA86}.Release|Any CPU.ActiveCfg = Release|Any CPU
		{822D7ED6-5F2F-4B5E-8D33-60392B2CFA86}.Release|Any CPU.Build.0 = Release|Any CPU
		{822D7ED6-5F2F-4B5E-8D33-60392B2CFA86}.Release|x64.ActiveCfg = Release|Any CPU
		{822D7ED6-5F2F-4B5E-8D33-60392B2CFA86}.Release|x64.Build.0 = Release|Any CPU
		{822D7ED6-5F2F-4B5E-8D33-60392B2CFA86}.Release|x86.ActiveCfg = Release|Any CPU
		{822D7ED6-5F2F-4B5E-8D33-60392B2CFA86}.Release|x86.Build.0 = Release|Any CPU
		{9E2A6F5E-5D82-4C85-B50E-674C65A8F3F5}.Debug|Any CPU.ActiveCfg = Debug|Any CPU
		{9E2A6F5E-5D82-4C85-B50E-674C65A8F3F5}.Debug|Any CPU.Build.0 = Debug|Any CPU
		{9E2A6F5E-5D82-4C85-B50E-674C65A8F3F5}.Debug|x64.ActiveCfg = Debug|Any CPU
		{9E2A6F5E-5D82-4C85-B50E-674C65A8F3F5}.Debug|x64.Build.0 = Debug|Any CPU
		{9E2A6F5E-5D82-4C85-B50E-674C65A8F3F5}.Debug|x86.ActiveCfg = Debug|Any CPU
		{9E2A6F5E-5D82-4C85-B50E-674C65A8F3F5}.Debug|x86.Build.0 = Debug|Any CPU
		{9E2A6F5E-5D82-4C85-B50E-674C65A8F3F5}.Release|Any CPU.ActiveCfg = Release|Any CPU
		{9E2A6F5E-5D82-4C85-B50E-674C65A8F3F5}.Release|Any CPU.Build.0 = Release|Any CPU
		{9E2A6F5E-5D82-4C85-B50E-674C65A8F3F5}.Release|x64.ActiveCfg = Release|Any CPU
		{9E2A6F5E-5D82-4C85-B50E-674C65A8F3F5}.Release|x64.Build.0 = Release|Any CPU
		{9E2A6F5E-5D82-4C85-B50E-674C65A8F3F5}.Release|x86.ActiveCfg = Release|Any CPU
		{9E2A6F5E-5D82-4C85-B50E-674C65A8F3F5}.Release|x86.Build.0 = Release|Any CPU
	EndGlobalSection
	GlobalSection(SolutionProperties) = preSolution
		HideSolutionNode = FALSE
	EndGlobalSection
EndGlobal
